// !$*UTF8*$!
{
	archiveVersion = 1;
	classes = {
	};
	objectVersion = 46;
	objects = {

/* Begin PBXBuildFile section */
		4F1A9C3F1E4C3DBF006BCFD7 /* AppDelegate.swift in Sources */ = {isa = PBXBuildFile; fileRef = 4F1A9C3E1E4C3DBF006BCFD7 /* AppDelegate.swift */; };
		4F1A9C411E4C3DBF006BCFD7 /* ViewController.swift in Sources */ = {isa = PBXBuildFile; fileRef = 4F1A9C401E4C3DBF006BCFD7 /* ViewController.swift */; };
		4F1A9C441E4C3DBF006BCFD7 /* Main.storyboard in Resources */ = {isa = PBXBuildFile; fileRef = 4F1A9C421E4C3DBF006BCFD7 /* Main.storyboard */; };
		4F1A9C461E4C3DBF006BCFD7 /* Assets.xcassets in Resources */ = {isa = PBXBuildFile; fileRef = 4F1A9C451E4C3DBF006BCFD7 /* Assets.xcassets */; };
		4F1A9C491E4C3DBF006BCFD7 /* LaunchScreen.storyboard in Resources */ = {isa = PBXBuildFile; fileRef = 4F1A9C471E4C3DBF006BCFD7 /* LaunchScreen.storyboard */; };
		4F1A9C541E4C3DBF006BCFD7 /* tippyTests.swift in Sources */ = {isa = PBXBuildFile; fileRef = 4F1A9C531E4C3DBF006BCFD7 /* tippyTests.swift */; };
		4F1A9C5F1E4C3DBF006BCFD7 /* tippyUITests.swift in Sources */ = {isa = PBXBuildFile; fileRef = 4F1A9C5E1E4C3DBF006BCFD7 /* tippyUITests.swift */; };
/* End PBXBuildFile section */

/* Begin PBXContainerItemProxy section */
		4F1A9C501E4C3DBF006BCFD7 /* PBXContainerItemProxy */ = {
			isa = PBXContainerItemProxy;
			containerPortal = 4F1A9C331E4C3DBF006BCFD7 /* Project object */;
			proxyType = 1;
			remoteGlobalIDString = 4F1A9C3A1E4C3DBF006BCFD7;
			remoteInfo = tippy;
		};
		4F1A9C5B1E4C3DBF006BCFD7 /* PBXContainerItemProxy */ = {
			isa = PBXContainerItemProxy;
			containerPortal = 4F1A9C331E4C3DBF006BCFD7 /* Project object */;
			proxyType = 1;
			remoteGlobalIDString = 4F1A9C3A1E4C3DBF006BCFD7;
			remoteInfo = tippy;
		};
/* End PBXContainerItemProxy section */

/* Begin PBXFileReference section */
		4F1A9C3B1E4C3DBF006BCFD7 /* tippy.app */ = {isa = PBXFileReference; explicitFileType = wrapper.application; includeInIndex = 0; path = tippy.app; sourceTree = BUILT_PRODUCTS_DIR; };
		4F1A9C3E1E4C3DBF006BCFD7 /* AppDelegate.swift */ = {isa = PBXFileReference; lastKnownFileType = sourcecode.swift; path = AppDelegate.swift; sourceTree = "<group>"; };
		4F1A9C401E4C3DBF006BCFD7 /* ViewController.swift */ = {isa = PBXFileReference; lastKnownFileType = sourcecode.swift; path = ViewController.swift; sourceTree = "<group>"; };
		4F1A9C431E4C3DBF006BCFD7 /* Base */ = {isa = PBXFileReference; lastKnownFileType = file.storyboard; name = Base; path = Base.lproj/Main.storyboard; sourceTree = "<group>"; };
		4F1A9C451E4C3DBF006BCFD7 /* Assets.xcassets */ = {isa = PBXFileReference; lastKnownFileType = folder.assetcatalog; path = Assets.xcassets; sourceTree = "<group>"; };
		4F1A9C481E4C3DBF006BCFD7 /* Base */ = {isa = PBXFileReference; lastKnownFileType = file.storyboard; name = Base; path = Base.lproj/LaunchScreen.storyboard; sourceTree = "<group>"; };
		4F1A9C4A1E4C3DBF006BCFD7 /* Info.plist */ = {isa = PBXFileReference; lastKnownFileType = text.plist.xml; path = Info.plist; sourceTree = "<group>"; };
		4F1A9C4F1E4C3DBF006BCFD7 /* tippyTests.xctest */ = {isa = PBXFileReference; explicitFileType = wrapper.cfbundle; includeInIndex = 0; path = tippyTests.xctest; sourceTree = BUILT_PRODUCTS_DIR; };
		4F1A9C531E4C3DBF006BCFD7 /* tippyTests.swift */ = {isa = PBXFileReference; lastKnownFileType = sourcecode.swift; path = tippyTests.swift; sourceTree = "<group>"; };
		4F1A9C551E4C3DBF006BCFD7 /* Info.plist */ = {isa = PBXFileReference; lastKnownFileType = text.plist.xml; path = Info.plist; sourceTree = "<group>"; };
		4F1A9C5A1E4C3DBF006BCFD7 /* tippyUITests.xctest */ = {isa = PBXFileReference; explicitFileType = wrapper.cfbundle; includeInIndex = 0; path = tippyUITests.xctest; sourceTree = BUILT_PRODUCTS_DIR; };
		4F1A9C5E1E4C3DBF006BCFD7 /* tippyUITests.swift */ = {isa = PBXFileReference; lastKnownFileType = sourcecode.swift; path = tippyUITests.swift; sourceTree = "<group>"; };
		4F1A9C601E4C3DBF006BCFD7 /* Info.plist */ = {isa = PBXFileReference; lastKnownFileType = text.plist.xml; path = Info.plist; sourceTree = "<group>"; };
/* End PBXFileReference section */

/* Begin PBXFrameworksBuildPhase section */
		4F1A9C381E4C3DBF006BCFD7 /* Frameworks */ = {
			isa = PBXFrameworksBuildPhase;
			buildActionMask = 2147483647;
			files = (
			);
			runOnlyForDeploymentPostprocessing = 0;
		};
		4F1A9C4C1E4C3DBF006BCFD7 /* Frameworks */ = {
			isa = PBXFrameworksBuildPhase;
			buildActionMask = 2147483647;
			files = (
			);
			runOnlyForDeploymentPostprocessing = 0;
		};
		4F1A9C571E4C3DBF006BCFD7 /* Frameworks */ = {
			isa = PBXFrameworksBuildPhase;
			buildActionMask = 2147483647;
			files = (
			);
			runOnlyForDeploymentPostprocessing = 0;
		};
/* End PBXFrameworksBuildPhase section */

/* Begin PBXGroup section */
		4F1A9C321E4C3DBF006BCFD7 = {
			isa = PBXGroup;
			children = (
				4F1A9C3D1E4C3DBF006BCFD7 /* tippy */,
				4F1A9C521E4C3DBF006BCFD7 /* tippyTests */,
				4F1A9C5D1E4C3DBF006BCFD7 /* tippyUITests */,
				4F1A9C3C1E4C3DBF006BCFD7 /* Products */,
			);
			sourceTree = "<group>";
		};
		4F1A9C3C1E4C3DBF006BCFD7 /* Products */ = {
			isa = PBXGroup;
			children = (
				4F1A9C3B1E4C3DBF006BCFD7 /* tippy.app */,
				4F1A9C4F1E4C3DBF006BCFD7 /* tippyTests.xctest */,
				4F1A9C5A1E4C3DBF006BCFD7 /* tippyUITests.xctest */,
			);
			name = Products;
			sourceTree = "<group>";
		};
		4F1A9C3D1E4C3DBF006BCFD7 /* tippy */ = {
			isa = PBXGroup;
			children = (
				4F1A9C3E1E4C3DBF006BCFD7 /* AppDelegate.swift */,
				4F1A9C401E4C3DBF006BCFD7 /* ViewController.swift */,
				4F1A9C421E4C3DBF006BCFD7 /* Main.storyboard */,
				4F1A9C451E4C3DBF006BCFD7 /* Assets.xcassets */,
				4F1A9C471E4C3DBF006BCFD7 /* LaunchScreen.storyboard */,
				4F1A9C4A1E4C3DBF006BCFD7 /* Info.plist */,
			);
			path = tippy;
			sourceTree = "<group>";
		};
		4F1A9C521E4C3DBF006BCFD7 /* tippyTests */ = {
			isa = PBXGroup;
			children = (
				4F1A9C531E4C3DBF006BCFD7 /* tippyTests.swift */,
				4F1A9C551E4C3DBF006BCFD7 /* Info.plist */,
			);
			path = tippyTests;
			sourceTree = "<group>";
		};
		4F1A9C5D1E4C3DBF006BCFD7 /* tippyUITests */ = {
			isa = PBXGroup;
			children = (
				4F1A9C5E1E4C3DBF006BCFD7 /* tippyUITests.swift */,
				4F1A9C601E4C3DBF006BCFD7 /* Info.plist */,
			);
			path = tippyUITests;
			sourceTree = "<group>";
		};
/* End PBXGroup section */

/* Begin PBXNativeTarget section */
		4F1A9C3A1E4C3DBF006BCFD7 /* tippy */ = {
			isa = PBXNativeTarget;
			buildConfigurationList = 4F1A9C631E4C3DBF006BCFD7 /* Build configuration list for PBXNativeTarget "tippy" */;
			buildPhases = (
				4F1A9C371E4C3DBF006BCFD7 /* Sources */,
				4F1A9C381E4C3DBF006BCFD7 /* Frameworks */,
				4F1A9C391E4C3DBF006BCFD7 /* Resources */,
			);
			buildRules = (
			);
			dependencies = (
			);
			name = tippy;
			productName = tippy;
			productReference = 4F1A9C3B1E4C3DBF006BCFD7 /* tippy.app */;
			productType = "com.apple.product-type.application";
		};
		4F1A9C4E1E4C3DBF006BCFD7 /* tippyTests */ = {
			isa = PBXNativeTarget;
			buildConfigurationList = 4F1A9C661E4C3DBF006BCFD7 /* Build configuration list for PBXNativeTarget "tippyTests" */;
			buildPhases = (
				4F1A9C4B1E4C3DBF006BCFD7 /* Sources */,
				4F1A9C4C1E4C3DBF006BCFD7 /* Frameworks */,
				4F1A9C4D1E4C3DBF006BCFD7 /* Resources */,
			);
			buildRules = (
			);
			dependencies = (
				4F1A9C511E4C3DBF006BCFD7 /* PBXTargetDependency */,
			);
			name = tippyTests;
			productName = tippyTests;
			productReference = 4F1A9C4F1E4C3DBF006BCFD7 /* tippyTests.xctest */;
			productType = "com.apple.product-type.bundle.unit-test";
		};
		4F1A9C591E4C3DBF006BCFD7 /* tippyUITests */ = {
			isa = PBXNativeTarget;
			buildConfigurationList = 4F1A9C691E4C3DBF006BCFD7 /* Build configuration list for PBXNativeTarget "tippyUITests" */;
			buildPhases = (
				4F1A9C561E4C3DBF006BCFD7 /* Sources */,
				4F1A9C571E4C3DBF006BCFD7 /* Frameworks */,
				4F1A9C581E4C3DBF006BCFD7 /* Resources */,
			);
			buildRules = (
			);
			dependencies = (
				4F1A9C5C1E4C3DBF006BCFD7 /* PBXTargetDependency */,
			);
			name = tippyUITests;
			productName = tippyUITests;
			productReference = 4F1A9C5A1E4C3DBF006BCFD7 /* tippyUITests.xctest */;
			productType = "com.apple.product-type.bundle.ui-testing";
		};
/* End PBXNativeTarget section */

/* Begin PBXProject section */
		4F1A9C331E4C3DBF006BCFD7 /* Project object */ = {
			isa = PBXProject;
			attributes = {
				LastSwiftUpdateCheck = 0810;
				LastUpgradeCheck = 0810;
				ORGANIZATIONNAME = "Olga Birulia";
				TargetAttributes = {
					4F1A9C3A1E4C3DBF006BCFD7 = {
						CreatedOnToolsVersion = 8.1;
						ProvisioningStyle = Automatic;
					};
					4F1A9C4E1E4C3DBF006BCFD7 = {
						CreatedOnToolsVersion = 8.1;
						ProvisioningStyle = Automatic;
						TestTargetID = 4F1A9C3A1E4C3DBF006BCFD7;
					};
					4F1A9C591E4C3DBF006BCFD7 = {
						CreatedOnToolsVersion = 8.1;
						ProvisioningStyle = Automatic;
						TestTargetID = 4F1A9C3A1E4C3DBF006BCFD7;
					};
				};
			};
			buildConfigurationList = 4F1A9C361E4C3DBF006BCFD7 /* Build configuration list for PBXProject "tippy" */;
			compatibilityVersion = "Xcode 3.2";
			developmentRegion = English;
			hasScannedForEncodings = 0;
			knownRegions = (
				en,
				Base,
			);
			mainGroup = 4F1A9C321E4C3DBF006BCFD7;
			productRefGroup = 4F1A9C3C1E4C3DBF006BCFD7 /* Products */;
			projectDirPath = "";
			projectRoot = "";
			targets = (
				4F1A9C3A1E4C3DBF006BCFD7 /* tippy */,
				4F1A9C4E1E4C3DBF006BCFD7 /* tippyTests */,
				4F1A9C591E4C3DBF006BCFD7 /* tippyUITests */,
			);
		};
/* End PBXProject section */

/* Begin PBXResourcesBuildPhase section */
		4F1A9C391E4C3DBF006BCFD7 /* Resources */ = {
			isa = PBXResourcesBuildPhase;
			buildActionMask = 2147483647;
			files = (
				4F1A9C491E4C3DBF006BCFD7 /* LaunchScreen.storyboard in Resources */,
				4F1A9C461E4C3DBF006BCFD7 /* Assets.xcassets in Resources */,
				4F1A9C441E4C3DBF006BCFD7 /* Main.storyboard in Resources */,
			);
			runOnlyForDeploymentPostprocessing = 0;
		};
		4F1A9C4D1E4C3DBF006BCFD7 /* Resources */ = {
			isa = PBXResourcesBuildPhase;
			buildActionMask = 2147483647;
			files = (
			);
			runOnlyForDeploymentPostprocessing = 0;
		};
		4F1A9C581E4C3DBF006BCFD7 /* Resources */ = {
			isa = PBXResourcesBuildPhase;
			buildActionMask = 2147483647;
			files = (
			);
			runOnlyForDeploymentPostprocessing = 0;
		};
/* End PBXResourcesBuildPhase section */

/* Begin PBXSourcesBuildPhase section */
		4F1A9C371E4C3DBF006BCFD7 /* Sources */ = {
			isa = PBXSourcesBuildPhase;
			buildActionMask = 2147483647;
			files = (
				4F1A9C411E4C3DBF006BCFD7 /* ViewController.swift in Sources */,
				4F1A9C3F1E4C3DBF006BCFD7 /* AppDelegate.swift in Sources */,
			);
			runOnlyForDeploymentPostprocessing = 0;
		};
		4F1A9C4B1E4C3DBF006BCFD7 /* Sources */ = {
			isa = PBXSourcesBuildPhase;
			buildActionMask = 2147483647;
			files = (
				4F1A9C541E4C3DBF006BCFD7 /* tippyTests.swift in Sources */,
			);
			runOnlyForDeploymentPostprocessing = 0;
		};
		4F1A9C561E4C3DBF006BCFD7 /* Sources */ = {
			isa = PBXSourcesBuildPhase;
			buildActionMask = 2147483647;
			files = (
				4F1A9C5F1E4C3DBF006BCFD7 /* tippyUITests.swift in Sources */,
			);
			runOnlyForDeploymentPostprocessing = 0;
		};
/* End PBXSourcesBuildPhase section */

/* Begin PBXTargetDependency section */
		4F1A9C511E4C3DBF006BCFD7 /* PBXTargetDependency */ = {
			isa = PBXTargetDependency;
			target = 4F1A9C3A1E4C3DBF006BCFD7 /* tippy */;
			targetProxy = 4F1A9C501E4C3DBF006BCFD7 /* PBXContainerItemProxy */;
		};
		4F1A9C5C1E4C3DBF006BCFD7 /* PBXTargetDependency */ = {
			isa = PBXTargetDependency;
			target = 4F1A9C3A1E4C3DBF006BCFD7 /* tippy */;
			targetProxy = 4F1A9C5B1E4C3DBF006BCFD7 /* PBXContainerItemProxy */;
		};
/* End PBXTargetDependency section */

/* Begin PBXVariantGroup section */
		4F1A9C421E4C3DBF006BCFD7 /* Main.storyboard */ = {
			isa = PBXVariantGroup;
			children = (
				4F1A9C431E4C3DBF006BCFD7 /* Base */,
			);
			name = Main.storyboard;
			sourceTree = "<group>";
		};
		4F1A9C471E4C3DBF006BCFD7 /* LaunchScreen.storyboard */ = {
			isa = PBXVariantGroup;
			children = (
				4F1A9C481E4C3DBF006BCFD7 /* Base */,
			);
			name = LaunchScreen.storyboard;
			sourceTree = "<group>";
		};
/* End PBXVariantGroup section */

/* Begin XCBuildConfiguration section */
		4F1A9C611E4C3DBF006BCFD7 /* Debug */ = {
			isa = XCBuildConfiguration;
			buildSettings = {
				ALWAYS_SEARCH_USER_PATHS = NO;
				CLANG_ANALYZER_NONNULL = YES;
				CLANG_CXX_LANGUAGE_STANDARD = "gnu++0x";
				CLANG_CXX_LIBRARY = "libc++";
				CLANG_ENABLE_MODULES = YES;
				CLANG_ENABLE_OBJC_ARC = YES;
				CLANG_WARN_BOOL_CONVERSION = YES;
				CLANG_WARN_CONSTANT_CONVERSION = YES;
				CLANG_WARN_DIRECT_OBJC_ISA_USAGE = YES_ERROR;
				CLANG_WARN_DOCUMENTATION_COMMENTS = YES;
				CLANG_WARN_EMPTY_BODY = YES;
				CLANG_WARN_ENUM_CONVERSION = YES;
				CLANG_WARN_INFINITE_RECURSION = YES;
				CLANG_WARN_INT_CONVERSION = YES;
				CLANG_WARN_OBJC_ROOT_CLASS = YES_ERROR;
				CLANG_WARN_SUSPICIOUS_MOVES = YES;
				CLANG_WARN_UNREACHABLE_CODE = YES;
				CLANG_WARN__DUPLICATE_METHOD_MATCH = YES;
				"CODE_SIGN_IDENTITY[sdk=iphoneos*]" = "iPhone Developer";
				COPY_PHASE_STRIP = NO;
				DEBUG_INFORMATION_FORMAT = dwarf;
				ENABLE_STRICT_OBJC_MSGSEND = YES;
				ENABLE_TESTABILITY = YES;
				GCC_C_LANGUAGE_STANDARD = gnu99;
				GCC_DYNAMIC_NO_PIC = NO;
				GCC_NO_COMMON_BLOCKS = YES;
				GCC_OPTIMIZATION_LEVEL = 0;
				GCC_PREPROCESSOR_DEFINITIONS = (
					"DEBUG=1",
					"$(inherited)",
				);
				GCC_WARN_64_TO_32_BIT_CONVERSION = YES;
				GCC_WARN_ABOUT_RETURN_TYPE = YES_ERROR;
				GCC_WARN_UNDECLARED_SELECTOR = YES;
				GCC_WARN_UNINITIALIZED_AUTOS = YES_AGGRESSIVE;
				GCC_WARN_UNUSED_FUNCTION = YES;
				GCC_WARN_UNUSED_VARIABLE = YES;
				IPHONEOS_DEPLOYMENT_TARGET = 10.1;
				MTL_ENABLE_DEBUG_INFO = YES;
				ONLY_ACTIVE_ARCH = YES;
				SDKROOT = iphoneos;
				SWIFT_ACTIVE_COMPILATION_CONDITIONS = DEBUG;
				SWIFT_OPTIMIZATION_LEVEL = "-Onone";
			};
			name = Debug;
		};
		4F1A9C621E4C3DBF006BCFD7 /* Release */ = {
			isa = XCBuildConfiguration;
			buildSettings = {
				ALWAYS_SEARCH_USER_PATHS = NO;
				CLANG_ANALYZER_NONNULL = YES;
				CLANG_CXX_LANGUAGE_STANDARD = "gnu++0x";
				CLANG_CXX_LIBRARY = "libc++";
				CLANG_ENABLE_MODULES = YES;
				CLANG_ENABLE_OBJC_ARC = YES;
				CLANG_WARN_BOOL_CONVERSION = YES;
				CLANG_WARN_CONSTANT_CONVERSION = YES;
				CLANG_WARN_DIRECT_OBJC_ISA_USAGE = YES_ERROR;
				CLANG_WARN_DOCUMENTATION_COMMENTS = YES;
				CLANG_WARN_EMPTY_BODY = YES;
				CLANG_WARN_ENUM_CONVERSION = YES;
				CLANG_WARN_INFINITE_RECURSION = YES;
				CLANG_WARN_INT_CONVERSION = YES;
				CLANG_WARN_OBJC_ROOT_CLASS = YES_ERROR;
				CLANG_WARN_SUSPICIOUS_MOVES = YES;
				CLANG_WARN_UNREACHABLE_CODE = YES;
				CLANG_WARN__DUPLICATE_METHOD_MATCH = YES;
				"CODE_SIGN_IDENTITY[sdk=iphoneos*]" = "iPhone Developer";
				COPY_PHASE_STRIP = NO;
				DEBUG_INFORMATION_FORMAT = "dwarf-with-dsym";
				ENABLE_NS_ASSERTIONS = NO;
				ENABLE_STRICT_OBJC_MSGSEND = YES;
				GCC_C_LANGUAGE_STANDARD = gnu99;
				GCC_NO_COMMON_BLOCKS = YES;
				GCC_WARN_64_TO_32_BIT_CONVERSION = YES;
				GCC_WARN_ABOUT_RETURN_TYPE = YES_ERROR;
				GCC_WARN_UNDECLARED_SELECTOR = YES;
				GCC_WARN_UNINITIALIZED_AUTOS = YES_AGGRESSIVE;
				GCC_WARN_UNUSED_FUNCTION = YES;
				GCC_WARN_UNUSED_VARIABLE = YES;
				IPHONEOS_DEPLOYMENT_TARGET = 10.1;
				MTL_ENABLE_DEBUG_INFO = NO;
				SDKROOT = iphoneos;
				SWIFT_OPTIMIZATION_LEVEL = "-Owholemodule";
				VALIDATE_PRODUCT = YES;
			};
			name = Release;
		};
		4F1A9C641E4C3DBF006BCFD7 /* Debug */ = {
			isa = XCBuildConfiguration;
			buildSettings = {
				ASSETCATALOG_COMPILER_APPICON_NAME = AppIcon;
				INFOPLIST_FILE = tippy/Info.plist;
				LD_RUNPATH_SEARCH_PATHS = "$(inherited) @executable_path/Frameworks";
				PRODUCT_BUNDLE_IDENTIFIER = codepath.tippy;
				PRODUCT_NAME = "$(TARGET_NAME)";
				SWIFT_VERSION = 3.0;
			};
			name = Debug;
		};
		4F1A9C651E4C3DBF006BCFD7 /* Release */ = {
			isa = XCBuildConfiguration;
			buildSettings = {
				ASSETCATALOG_COMPILER_APPICON_NAME = AppIcon;
				INFOPLIST_FILE = tippy/Info.plist;
				LD_RUNPATH_SEARCH_PATHS = "$(inherited) @executable_path/Frameworks";
				PRODUCT_BUNDLE_IDENTIFIER = codepath.tippy;
				PRODUCT_NAME = "$(TARGET_NAME)";
				SWIFT_VERSION = 3.0;
			};
			name = Release;
		};
		4F1A9C671E4C3DBF006BCFD7 /* Debug */ = {
			isa = XCBuildConfiguration;
			buildSettings = {
				ALWAYS_EMBED_SWIFT_STANDARD_LIBRARIES = YES;
				BUNDLE_LOADER = "$(TEST_HOST)";
				INFOPLIST_FILE = tippyTests/Info.plist;
				LD_RUNPATH_SEARCH_PATHS = "$(inherited) @executable_path/Frameworks @loader_path/Frameworks";
				PRODUCT_BUNDLE_IDENTIFIER = codepath.tippyTests;
				PRODUCT_NAME = "$(TARGET_NAME)";
				SWIFT_VERSION = 3.0;
				TEST_HOST = "$(BUILT_PRODUCTS_DIR)/tippy.app/tippy";
			};
			name = Debug;
		};
		4F1A9C681E4C3DBF006BCFD7 /* Release */ = {
			isa = XCBuildConfiguration;
			buildSettings = {
				ALWAYS_EMBED_SWIFT_STANDARD_LIBRARIES = YES;
				BUNDLE_LOADER = "$(TEST_HOST)";
				INFOPLIST_FILE = tippyTests/Info.plist;
				LD_RUNPATH_SEARCH_PATHS = "$(inherited) @executable_path/Frameworks @loader_path/Frameworks";
				PRODUCT_BUNDLE_IDENTIFIER = codepath.tippyTests;
				PRODUCT_NAME = "$(TARGET_NAME)";
				SWIFT_VERSION = 3.0;
				TEST_HOST = "$(BUILT_PRODUCTS_DIR)/tippy.app/tippy";
			};
			name = Release;
		};
		4F1A9C6A1E4C3DBF006BCFD7 /* Debug */ = {
			isa = XCBuildConfiguration;
			buildSettings = {
				ALWAYS_EMBED_SWIFT_STANDARD_LIBRARIES = YES;
				INFOPLIST_FILE = tippyUITests/Info.plist;
				LD_RUNPATH_SEARCH_PATHS = "$(inherited) @executable_path/Frameworks @loader_path/Frameworks";
				PRODUCT_BUNDLE_IDENTIFIER = codepath.tippyUITests;
				PRODUCT_NAME = "$(TARGET_NAME)";
				SWIFT_VERSION = 3.0;
				TEST_TARGET_NAME = tippy;
			};
			name = Debug;
		};
		4F1A9C6B1E4C3DBF006BCFD7 /* Release */ = {
			isa = XCBuildConfiguration;
			buildSettings = {
				ALWAYS_EMBED_SWIFT_STANDARD_LIBRARIES = YES;
				INFOPLIST_FILE = tippyUITests/Info.plist;
				LD_RUNPATH_SEARCH_PATHS = "$(inherited) @executable_path/Frameworks @loader_path/Frameworks";
				PRODUCT_BUNDLE_IDENTIFIER = codepath.tippyUITests;
				PRODUCT_NAME = "$(TARGET_NAME)";
				SWIFT_VERSION = 3.0;
				TEST_TARGET_NAME = tippy;
			};
			name = Release;
		};
/* End XCBuildConfiguration section */

/* Begin XCConfigurationList section */
		4F1A9C361E4C3DBF006BCFD7 /* Build configuration list for PBXProject "tippy" */ = {
			isa = XCConfigurationList;
			buildConfigurations = (
				4F1A9C611E4C3DBF006BCFD7 /* Debug */,
				4F1A9C621E4C3DBF006BCFD7 /* Release */,
			);
			defaultConfigurationIsVisible = 0;
			defaultConfigurationName = Release;
		};
		4F1A9C631E4C3DBF006BCFD7 /* Build configuration list for PBXNativeTarget "tippy" */ = {
			isa = XCConfigurationList;
			buildConfigurations = (
				4F1A9C641E4C3DBF006BCFD7 /* Debug */,
				4F1A9C651E4C3DBF006BCFD7 /* Release */,
			);
			defaultConfigurationIsVisible = 0;
		};
		4F1A9C661E4C3DBF006BCFD7 /* Build configuration list for PBXNativeTarget "tippyTests" */ = {
			isa = XCConfigurationList;
			buildConfigurations = (
				4F1A9C671E4C3DBF006BCFD7 /* Debug */,
				4F1A9C681E4C3DBF006BCFD7 /* Release */,
			);
			defaultConfigurationIsVisible = 0;
		};
		4F1A9C691E4C3DBF006BCFD7 /* Build configuration list for PBXNativeTarget "tippyUITests" */ = {
			isa = XCConfigurationList;
			buildConfigurations = (
				4F1A9C6A1E4C3DBF006BCFD7 /* Debug */,
				4F1A9C6B1E4C3DBF006BCFD7 /* Release */,
			);
			defaultConfigurationIsVisible = 0;
		};
/* End XCConfigurationList section */
	};
	rootObject = 4F1A9C331E4C3DBF006BCFD7 /* Project object */;
}
